// !$*UTF8*$!
{
	archiveVersion = 1;
	classes = {
	};
	objectVersion = 48;
	objects = {

/* Begin PBXBuildFile section */
		00233CE120FF16BF00DCCFEE /* main.m in Sources */ = {isa = PBXBuildFile; fileRef = 00233CDE20FF16BF00DCCFEE /* main.m */; };
		00233CE220FF16BF00DCCFEE /* apps.m in Sources */ = {isa = PBXBuildFile; fileRef = 00233CDF20FF16BF00DCCFEE /* apps.m */; };
		00233CE720FF2DF800DCCFEE /* ipa.m in Sources */ = {isa = PBXBuildFile; fileRef = 00233CE620FF2DF800DCCFEE /* ipa.m */; };
		00233CE920FF2E1F00DCCFEE /* bundle.m in Sources */ = {isa = PBXBuildFile; fileRef = 00233CE820FF2E1F00DCCFEE /* bundle.m */; };
		00EE686320FF602300515C67 /* dump.m in Sources */ = {isa = PBXBuildFile; fileRef = 00EE686220FF602300515C67 /* dump.m */; };
/* End PBXBuildFile section */

/* Begin PBXFileReference section */
		00233CDE20FF16BF00DCCFEE /* main.m */ = {isa = PBXFileReference; fileEncoding = 4; lastKnownFileType = sourcecode.c.objc; path = main.m; sourceTree = "<group>"; };
		00233CDF20FF16BF00DCCFEE /* apps.m */ = {isa = PBXFileReference; fileEncoding = 4; lastKnownFileType = sourcecode.c.objc; path = apps.m; sourceTree = "<group>"; };
		00233CE620FF2DF800DCCFEE /* ipa.m */ = {isa = PBXFileReference; lastKnownFileType = sourcecode.c.objc; path = ipa.m; sourceTree = "<group>"; };
		00233CE820FF2E1F00DCCFEE /* bundle.m */ = {isa = PBXFileReference; lastKnownFileType = sourcecode.c.objc; path = bundle.m; sourceTree = "<group>"; };
		009AF87620FF697500207754 /* dumpexec.app */ = {isa = PBXFileReference; explicitFileType = wrapper.application; includeInIndex = 0; name = dumpexec.app; path = "/Users/a/tool/dumpdecrypted/dumpexec/src/build/Debug-iphoneos/dumpexec.app"; sourceTree = "<absolute>"; };
		00EE686220FF602300515C67 /* dump.m */ = {isa = PBXFileReference; lastKnownFileType = sourcecode.c.objc; path = dump.m; sourceTree = "<group>"; };
/* End PBXFileReference section */

/* Begin PBXFrameworksBuildPhase section */
		00233CC120FF168600DCCFEE /* Frameworks */ = {
			isa = PBXFrameworksBuildPhase;
			buildActionMask = 2147483647;
			files = (
			);
			runOnlyForDeploymentPostprocessing = 0;
		};
/* End PBXFrameworksBuildPhase section */

/* Begin PBXGroup section */
		00233CBB20FF168600DCCFEE = {
			isa = PBXGroup;
			children = (
				00233CE620FF2DF800DCCFEE /* ipa.m */,
				00EE686220FF602300515C67 /* dump.m */,
				00233CDF20FF16BF00DCCFEE /* apps.m */,
				00233CE820FF2E1F00DCCFEE /* bundle.m */,
				00233CDE20FF16BF00DCCFEE /* main.m */,
			);
			sourceTree = "<group>";
		};
/* End PBXGroup section */

/* Begin PBXNativeTarget section */
		00233CC320FF168600DCCFEE /* dumpexec */ = {
			isa = PBXNativeTarget;
			buildConfigurationList = 00233CDA20FF168600DCCFEE /* Build configuration list for PBXNativeTarget "dumpexec" */;
			buildPhases = (
				00233CC020FF168600DCCFEE /* Sources */,
				00233CC120FF168600DCCFEE /* Frameworks */,
				00233CC220FF168600DCCFEE /* Resources */,
			);
			buildRules = (
			);
			dependencies = (
			);
			name = dumpexec;
			productName = dumpexec;
			productReference = 009AF87620FF697500207754 /* dumpexec.app */;
			productType = "com.apple.product-type.application";
		};
/* End PBXNativeTarget section */

/* Begin PBXProject section */
		00233CBC20FF168600DCCFEE /* Project object */ = {
			isa = PBXProject;
			attributes = {
				LastUpgradeCheck = 0910;
				ORGANIZATIONNAME = A;
				TargetAttributes = {
					00233CC320FF168600DCCFEE = {
						CreatedOnToolsVersion = 9.1;
						ProvisioningStyle = Automatic;
					};
				};
			};
			buildConfigurationList = 00233CBF20FF168600DCCFEE /* Build configuration list for PBXProject "dumpexec" */;
			compatibilityVersion = "Xcode 8.0";
			developmentRegion = en;
			hasScannedForEncodings = 0;
			knownRegions = (
				en,
				Base,
			);
			mainGroup = 00233CBB20FF168600DCCFEE;
			productRefGroup = 00233CBB20FF168600DCCFEE;
			projectDirPath = "";
			projectRoot = "";
			targets = (
				00233CC320FF168600DCCFEE /* dumpexec */,
			);
		};
/* End PBXProject section */

/* Begin PBXResourcesBuildPhase section */
		00233CC220FF168600DCCFEE /* Resources */ = {
			isa = PBXResourcesBuildPhase;
			buildActionMask = 2147483647;
			files = (
			);
			runOnlyForDeploymentPostprocessing = 0;
		};
/* End PBXResourcesBuildPhase section */

/* Begin PBXSourcesBuildPhase section */
		00233CC020FF168600DCCFEE /* Sources */ = {
			isa = PBXSourcesBuildPhase;
			buildActionMask = 2147483647;
			files = (
				00EE686320FF602300515C67 /* dump.m in Sources */,
				00233CE720FF2DF800DCCFEE /* ipa.m in Sources */,
				00233CE920FF2E1F00DCCFEE /* bundle.m in Sources */,
				00233CE120FF16BF00DCCFEE /* main.m in Sources */,
				00233CE220FF16BF00DCCFEE /* apps.m in Sources */,
			);
			runOnlyForDeploymentPostprocessing = 0;
		};
/* End PBXSourcesBuildPhase section */

/* Begin XCBuildConfiguration section */
		00233CD820FF168600DCCFEE /* Debug */ = {
			isa = XCBuildConfiguration;
			buildSettings = {
				ALWAYS_SEARCH_USER_PATHS = NO;
				CLANG_ANALYZER_NONNULL = YES;
				CLANG_ANALYZER_NUMBER_OBJECT_CONVERSION = YES_AGGRESSIVE;
				CLANG_CXX_LANGUAGE_STANDARD = "gnu++14";
				CLANG_CXX_LIBRARY = "libc++";
				CLANG_ENABLE_MODULES = YES;
				CLANG_ENABLE_OBJC_ARC = YES;
				CLANG_WARN_BLOCK_CAPTURE_AUTORELEASING = YES;
				CLANG_WARN_BOOL_CONVERSION = YES;
				CLANG_WARN_COMMA = YES;
				CLANG_WARN_CONSTANT_CONVERSION = YES;
				CLANG_WARN_DIRECT_OBJC_ISA_USAGE = YES_ERROR;
				CLANG_WARN_DOCUMENTATION_COMMENTS = YES;
				CLANG_WARN_EMPTY_BODY = YES;
				CLANG_WARN_ENUM_CONVERSION = YES;
				CLANG_WARN_INFINITE_RECURSION = YES;
				CLANG_WARN_INT_CONVERSION = YES;
				CLANG_WARN_NON_LITERAL_NULL_CONVERSION = YES;
				CLANG_WARN_OBJC_LITERAL_CONVERSION = YES;
				CLANG_WARN_OBJC_ROOT_CLASS = YES_ERROR;
				CLANG_WARN_RANGE_LOOP_ANALYSIS = YES;
				CLANG_WARN_STRICT_PROTOTYPES = YES;
				CLANG_WARN_SUSPICIOUS_MOVE = YES;
				CLANG_WARN_UNGUARDED_AVAILABILITY = YES_AGGRESSIVE;
				CLANG_WARN_UNREACHABLE_CODE = YES;
				CLANG_WARN__DUPLICATE_METHOD_MATCH = YES;
				CODE_SIGN_IDENTITY = "iPhone Developer";
				COPY_PHASE_STRIP = NO;
				DEBUG_INFORMATION_FORMAT = dwarf;
				ENABLE_STRICT_OBJC_MSGSEND = YES;
				ENABLE_TESTABILITY = YES;
				GCC_C_LANGUAGE_STANDARD = gnu11;
				GCC_DYNAMIC_NO_PIC = NO;
				GCC_NO_COMMON_BLOCKS = YES;
				GCC_OPTIMIZATION_LEVEL = 0;
				GCC_PREPROCESSOR_DEFINITIONS = (
					"DEBUG=1",
					"$(inherited)",
				);
				GCC_WARN_64_TO_32_BIT_CONVERSION = YES;
				GCC_WARN_ABOUT_RETURN_TYPE = YES_ERROR;
				GCC_WARN_UNDECLARED_SELECTOR = YES;
				GCC_WARN_UNINITIALIZED_AUTOS = YES_AGGRESSIVE;
				GCC_WARN_UNUSED_FUNCTION = YES;
				GCC_WARN_UNUSED_VARIABLE = YES;
				IPHONEOS_DEPLOYMENT_TARGET = 11.1;
				MTL_ENABLE_DEBUG_INFO = YES;
				ONLY_ACTIVE_ARCH = YES;
				SDKROOT = iphoneos;
			};
			name = Debug;
		};
		00233CD920FF168600DCCFEE /* Release */ = {
			isa = XCBuildConfiguration;
			buildSettings = {
				ALWAYS_SEARCH_USER_PATHS = NO;
				CLANG_ANALYZER_NONNULL = YES;
				CLANG_ANALYZER_NUMBER_OBJECT_CONVERSION = YES_AGGRESSIVE;
				CLANG_CXX_LANGUAGE_STANDARD = "gnu++14";
				CLANG_CXX_LIBRARY = "libc++";
				CLANG_ENABLE_MODULES = YES;
				CLANG_ENABLE_OBJC_ARC = YES;
				CLANG_WARN_BLOCK_CAPTURE_AUTORELEASING = YES;
				CLANG_WARN_BOOL_CONVERSION = YES;
				CLANG_WARN_COMMA = YES;
				CLANG_WARN_CONSTANT_CONVERSION = YES;
				CLANG_WARN_DIRECT_OBJC_ISA_USAGE = YES_ERROR;
				CLANG_WARN_DOCUMENTATION_COMMENTS = YES;
				CLANG_WARN_EMPTY_BODY = YES;
				CLANG_WARN_ENUM_CONVERSION = YES;
				CLANG_WARN_INFINITE_RECURSION = YES;
				CLANG_WARN_INT_CONVERSION = YES;
				CLANG_WARN_NON_LITERAL_NULL_CONVERSION = YES;
				CLANG_WARN_OBJC_LITERAL_CONVERSION = YES;
				CLANG_WARN_OBJC_ROOT_CLASS = YES_ERROR;
				CLANG_WARN_RANGE_LOOP_ANALYSIS = YES;
				CLANG_WARN_STRICT_PROTOTYPES = YES;
				CLANG_WARN_SUSPICIOUS_MOVE = YES;
				CLANG_WARN_UNGUARDED_AVAILABILITY = YES_AGGRESSIVE;
				CLANG_WARN_UNREACHABLE_CODE = YES;
				CLANG_WARN__DUPLICATE_METHOD_MATCH = YES;
				CODE_SIGN_IDENTITY = "iPhone Developer";
				COPY_PHASE_STRIP = NO;
				DEBUG_INFORMATION_FORMAT = "dwarf-with-dsym";
				ENABLE_NS_ASSERTIONS = NO;
				ENABLE_STRICT_OBJC_MSGSEND = YES;
				GCC_C_LANGUAGE_STANDARD = gnu11;
				GCC_NO_COMMON_BLOCKS = YES;
				GCC_WARN_64_TO_32_BIT_CONVERSION = YES;
				GCC_WARN_ABOUT_RETURN_TYPE = YES_ERROR;
				GCC_WARN_UNDECLARED_SELECTOR = YES;
				GCC_WARN_UNINITIALIZED_AUTOS = YES_AGGRESSIVE;
				GCC_WARN_UNUSED_FUNCTION = YES;
				GCC_WARN_UNUSED_VARIABLE = YES;
				IPHONEOS_DEPLOYMENT_TARGET = 11.1;
				MTL_ENABLE_DEBUG_INFO = NO;
				SDKROOT = iphoneos;
				VALIDATE_PRODUCT = YES;
			};
			name = Release;
		};
		00233CDB20FF168600DCCFEE /* Debug */ = {
			isa = XCBuildConfiguration;
			buildSettings = {
				ASSETCATALOG_COMPILER_APPICON_NAME = AppIcon;
				CODE_SIGN_STYLE = Automatic;
				DEVELOPMENT_TEAM = 2YPNT4LMNL;
				INFOPLIST_FILE = dumpexec/Info.plist;
				IPHONEOS_DEPLOYMENT_TARGET = 8.0;
				LD_RUNPATH_SEARCH_PATHS = "$(inherited) @executable_path/Frameworks";
				PRODUCT_BUNDLE_IDENTIFIER = com.cracj.dumpexec;
				PRODUCT_NAME = "$(TARGET_NAME)";
				TARGETED_DEVICE_FAMILY = "1,2";
			};
			name = Debug;
		};
		00233CDC20FF168600DCCFEE /* Release */ = {
			isa = XCBuildConfiguration;
			buildSettings = {
				ASSETCATALOG_COMPILER_APPICON_NAME = AppIcon;
				CODE_SIGN_STYLE = Automatic;
				DEVELOPMENT_TEAM = 2YPNT4LMNL;
				INFOPLIST_FILE = dumpexec/Info.plist;
				IPHONEOS_DEPLOYMENT_TARGET = 8.0;
				LD_RUNPATH_SEARCH_PATHS = "$(inherited) @executable_path/Frameworks";
				PRODUCT_BUNDLE_IDENTIFIER = com.cracj.dumpexec;
				PRODUCT_NAME = "$(TARGET_NAME)";
				TARGETED_DEVICE_FAMILY = "1,2";
			};
			name = Release;
		};
/* End XCBuildConfiguration section */

/* Begin XCConfigurationList section */
		00233CBF20FF168600DCCFEE /* Build configuration list for PBXProject "dumpexec" */ = {
			isa = XCConfigurationList;
			buildConfigurations = (
				00233CD820FF168600DCCFEE /* Debug */,
				00233CD920FF168600DCCFEE /* Release */,
			);
			defaultConfigurationIsVisible = 0;
			defaultConfigurationName = Release;
		};
		00233CDA20FF168600DCCFEE /* Build configuration list for PBXNativeTarget "dumpexec" */ = {
			isa = XCConfigurationList;
			buildConfigurations = (
				00233CDB20FF168600DCCFEE /* Debug */,
				00233CDC20FF168600DCCFEE /* Release */,
			);
			defaultConfigurationIsVisible = 0;
			defaultConfigurationName = Release;
		};
/* End XCConfigurationList section */
	};
	rootObject = 00233CBC20FF168600DCCFEE /* Project object */;
}
